
Microsoft Visual Studio Solution File, Format Version 12.00
# Visual Studio Version 17
VisualStudioVersion = 17.5.33502.453
MinimumVisualStudioVersion = 10.0.40219.1
Project("{2150E333-8FDC-42A3-9474-1A3956D46DE8}") = "Internal", "Internal", "{4FFDBD66-47F6-4D8E-AEBC-F981E72F2671}"
	ProjectSection(SolutionItems) = preProject
		Internal\.editorconfig = Internal\.editorconfig
	EndProjectSection
EndProject
Project("{2150E333-8FDC-42A3-9474-1A3956D46DE8}") = "Scripts", "Scripts", "{47B7712D-63E3-402F-B8B6-705D2BB8CA93}"
EndProject
Project("{2150E333-8FDC-42A3-9474-1A3956D46DE8}") = "Dlls", "Dlls", "{44CBF847-215B-4ADB-A2A0-C2E2AD95E115}"
	ProjectSection(SolutionItems) = preProject
		Dlls\ABOUT.md = Dlls\ABOUT.md
	EndProjectSection
EndProject
Project("{2150E333-8FDC-42A3-9474-1A3956D46DE8}") = "CompanionFiles", "CompanionFiles", "{455030A1-CBB7-4438-8BA7-2135D148F2C2}"
EndProject
Project("{2150E333-8FDC-42A3-9474-1A3956D46DE8}") = "Skyline DataMiner", "Skyline DataMiner", "{C27F6712-5CFD-4905-930B-4C78D51DDF7A}"
	ProjectSection(SolutionItems) = preProject
		CompanionFiles\Skyline DataMiner\AboutThisFolder.md = CompanionFiles\Skyline DataMiner\AboutThisFolder.md
	EndProjectSection
EndProject
Project("{2150E333-8FDC-42A3-9474-1A3956D46DE8}") = "Documentation", "Documentation", "{4796A2B7-6712-4E66-8F7C-EBBB01EFB080}"
	ProjectSection(SolutionItems) = preProject
		Documentation\ABOUT.md = Documentation\ABOUT.md
		README.md = README.md
	EndProjectSection
EndProject
Project("{2150E333-8FDC-42A3-9474-1A3956D46DE8}") = "Tests", "Tests", "{F8938D60-51A0-4880-9CFC-19C66379BB5D}"
EndProject
Project("{2150E333-8FDC-42A3-9474-1A3956D46DE8}") = "Code Analysis", "Code Analysis", "{E9EE5883-05B7-48FB-ACB1-69A0A5CB6D1A}"
	ProjectSection(SolutionItems) = preProject
		Internal\Code Analysis\qaction-debug.ruleset = Internal\Code Analysis\qaction-debug.ruleset
		Internal\Code Analysis\qaction-release.ruleset = Internal\Code Analysis\qaction-release.ruleset
		Internal\Code Analysis\stylecop.json = Internal\Code Analysis\stylecop.json
	EndProjectSection
EndProject
Project("{2150E333-8FDC-42A3-9474-1A3956D46DE8}") = "SLC-GQIO-DateComparer", "SLC-GQIO-DateComparer", "{668F6137-3E01-46FF-A345-7FA9647311A1}"
	ProjectSection(SolutionItems) = preProject
		SLC-GQIO-DateComparer.xml = SLC-GQIO-DateComparer.xml
	EndProjectSection
EndProject
Project("{2150E333-8FDC-42A3-9474-1A3956D46DE8}") = "Actions", "Actions", "{7D72DA5E-B784-4CF9-BFCC-1BA33EA6EE79}"
EndProject
Project("{9A19103F-16F7-4668-BE54-9A1E7A4F7556}") = "SLC-GQIO-DateComparer_1", "SLC-GQIO-DateComparer_1\SLC-GQIO-DateComparer_1.csproj", "{637F90F0-72EB-4C5C-9833-C42662F9DB37}"
EndProject
Global
	GlobalSection(SolutionConfigurationPlatforms) = preSolution
		Debug|Any CPU = Debug|Any CPU
		Release|Any CPU = Release|Any CPU
	EndGlobalSection
	GlobalSection(ProjectConfigurationPlatforms) = postSolution
		{637F90F0-72EB-4C5C-9833-C42662F9DB37}.Debug|Any CPU.ActiveCfg = Debug|Any CPU
		{637F90F0-72EB-4C5C-9833-C42662F9DB37}.Debug|Any CPU.Build.0 = Debug|Any CPU
		{637F90F0-72EB-4C5C-9833-C42662F9DB37}.Release|Any CPU.ActiveCfg = Release|Any CPU
		{637F90F0-72EB-4C5C-9833-C42662F9DB37}.Release|Any CPU.Build.0 = Release|Any CPU
	EndGlobalSection
	GlobalSection(SolutionProperties) = preSolution
		HideSolutionNode = FALSE
	EndGlobalSection
	GlobalSection(NestedProjects) = preSolution
		{C27F6712-5CFD-4905-930B-4C78D51DDF7A} = {455030A1-CBB7-4438-8BA7-2135D148F2C2}
		{E9EE5883-05B7-48FB-ACB1-69A0A5CB6D1A} = {4FFDBD66-47F6-4D8E-AEBC-F981E72F2671}
		{668F6137-3E01-46FF-A345-7FA9647311A1} = {47B7712D-63E3-402F-B8B6-705D2BB8CA93}
		{7D72DA5E-B784-4CF9-BFCC-1BA33EA6EE79} = {668F6137-3E01-46FF-A345-7FA9647311A1}
		{637F90F0-72EB-4C5C-9833-C42662F9DB37} = {7D72DA5E-B784-4CF9-BFCC-1BA33EA6EE79}
	EndGlobalSection
	GlobalSection(ExtensibilityGlobals) = postSolution
		SolutionGuid = {AD1B56F0-084C-43CD-BE7D-8F40124A4D48}
	EndGlobalSection
EndGlobal
